
Microsoft Visual Studio Solution File, Format Version 12.00
# Visual Studio Version 16
VisualStudioVersion = 16.0.31410.357
MinimumVisualStudioVersion = 10.0.40219.1
Project("{FAE04EC0-301F-11D3-BF4B-00C04F79EFBC}") = "ProjectTemplateRacr", "ProjectTemplateRacr.csproj", "{1A7985EF-D252-42B2-B394-676C486B46D7}"
EndProject
Project("{FAE04EC0-301F-11D3-BF4B-00C04F79EFBC}") = "WizardRacr", "WizardRacr\WizardRacr.csproj", "{7574F544-EA9B-45A6-9406-AB6005AC3C6A}"
EndProject
Global
	GlobalSection(SolutionConfigurationPlatforms) = preSolution
		Debug|Any CPU = Debug|Any CPU
		Release|Any CPU = Release|Any CPU
	EndGlobalSection
	GlobalSection(ProjectConfigurationPlatforms) = postSolution
		{1A7985EF-D252-42B2-B394-676C486B46D7}.Debug|Any CPU.ActiveCfg = Debug|Any CPU
		{1A7985EF-D252-42B2-B394-676C486B46D7}.Debug|Any CPU.Build.0 = Debug|Any CPU
		{1A7985EF-D252-42B2-B394-676C486B46D7}.Release|Any CPU.ActiveCfg = Release|Any CPU
		{1A7985EF-D252-42B2-B394-676C486B46D7}.Release|Any CPU.Build.0 = Release|Any CPU
		{7574F544-EA9B-45A6-9406-AB6005AC3C6A}.Debug|Any CPU.ActiveCfg = Debug|Any CPU
		{7574F544-EA9B-45A6-9406-AB6005AC3C6A}.Debug|Any CPU.Build.0 = Debug|Any CPU
		{7574F544-EA9B-45A6-9406-AB6005AC3C6A}.Release|Any CPU.ActiveCfg = Release|Any CPU
		{7574F544-EA9B-45A6-9406-AB6005AC3C6A}.Release|Any CPU.Build.0 = Release|Any CPU
	EndGlobalSection
	GlobalSection(SolutionProperties) = preSolution
		HideSolutionNode = FALSE
	EndGlobalSection
	GlobalSection(ExtensibilityGlobals) = postSolution
		SolutionGuid = {65FB8A52-360C-41DB-9E2B-A1D2FA27BF56}
	EndGlobalSection
EndGlobal
